
Microsoft Visual Studio Solution File, Format Version 12.00
# Visual Studio Version 17
VisualStudioVersion = 17.9.34723.18
MinimumVisualStudioVersion = 10.0.40219.1
Project("{9A19103F-16F7-4668-BE54-9A1E7A4F7556}") = "Weblog", "Weblog.csproj", "{C703C339-9CDE-49FD-8D8F-B380479C6818}"
EndProject
Project("{FAE04EC0-301F-11D3-BF4B-00C04F79EFBC}") = "Model", "..\Model\Model.csproj", "{F9CCA95C-6702-4E13-B193-3A0C0BDB5F05}"
EndProject
Project("{FAE04EC0-301F-11D3-BF4B-00C04F79EFBC}") = "IRepo", "..\IRepo\IRepo.csproj", "{576491E9-01DD-4CD6-A1D7-36EE582CF9BF}"
EndProject
Project("{FAE04EC0-301F-11D3-BF4B-00C04F79EFBC}") = "Repo", "..\Repo\Repo.csproj", "{819E10B0-729F-401E-AE0E-FCBD1D1294BE}"
EndProject
Project("{FAE04EC0-301F-11D3-BF4B-00C04F79EFBC}") = "Service", "..\Service\Service.csproj", "{6E073A6D-A03F-475B-B084-ADE340E5A4BD}"
EndProject
Project("{FAE04EC0-301F-11D3-BF4B-00C04F79EFBC}") = "IService", "..\IService\IService.csproj", "{74DF2419-1956-482F-B86F-F127E6471D4C}"
EndProject
Project("{FAE04EC0-301F-11D3-BF4B-00C04F79EFBC}") = "JWT", "..\JWT\JWT.csproj", "{A335AD3D-E134-4008-83CE-342D10C8CE56}"
EndProject
Global
	GlobalSection(SolutionConfigurationPlatforms) = preSolution
		Debug|Any CPU = Debug|Any CPU
		Release|Any CPU = Release|Any CPU
	EndGlobalSection
	GlobalSection(ProjectConfigurationPlatforms) = postSolution
		{C703C339-9CDE-49FD-8D8F-B380479C6818}.Debug|Any CPU.ActiveCfg = Debug|Any CPU
		{C703C339-9CDE-49FD-8D8F-B380479C6818}.Debug|Any CPU.Build.0 = Debug|Any CPU
		{C703C339-9CDE-49FD-8D8F-B380479C6818}.Release|Any CPU.ActiveCfg = Release|Any CPU
		{C703C339-9CDE-49FD-8D8F-B380479C6818}.Release|Any CPU.Build.0 = Release|Any CPU
		{F9CCA95C-6702-4E13-B193-3A0C0BDB5F05}.Debug|Any CPU.ActiveCfg = Debug|Any CPU
		{F9CCA95C-6702-4E13-B193-3A0C0BDB5F05}.Debug|Any CPU.Build.0 = Debug|Any CPU
		{F9CCA95C-6702-4E13-B193-3A0C0BDB5F05}.Release|Any CPU.ActiveCfg = Release|Any CPU
		{F9CCA95C-6702-4E13-B193-3A0C0BDB5F05}.Release|Any CPU.Build.0 = Release|Any CPU
		{576491E9-01DD-4CD6-A1D7-36EE582CF9BF}.Debug|Any CPU.ActiveCfg = Debug|Any CPU
		{576491E9-01DD-4CD6-A1D7-36EE582CF9BF}.Debug|Any CPU.Build.0 = Debug|Any CPU
		{576491E9-01DD-4CD6-A1D7-36EE582CF9BF}.Release|Any CPU.ActiveCfg = Release|Any CPU
		{576491E9-01DD-4CD6-A1D7-36EE582CF9BF}.Release|Any CPU.Build.0 = Release|Any CPU
		{819E10B0-729F-401E-AE0E-FCBD1D1294BE}.Debug|Any CPU.ActiveCfg = Debug|Any CPU
		{819E10B0-729F-401E-AE0E-FCBD1D1294BE}.Debug|Any CPU.Build.0 = Debug|Any CPU
		{819E10B0-729F-401E-AE0E-FCBD1D1294BE}.Release|Any CPU.ActiveCfg = Release|Any CPU
		{819E10B0-729F-401E-AE0E-FCBD1D1294BE}.Release|Any CPU.Build.0 = Release|Any CPU
		{6E073A6D-A03F-475B-B084-ADE340E5A4BD}.Debug|Any CPU.ActiveCfg = Debug|Any CPU
		{6E073A6D-A03F-475B-B084-ADE340E5A4BD}.Debug|Any CPU.Build.0 = Debug|Any CPU
		{6E073A6D-A03F-475B-B084-ADE340E5A4BD}.Release|Any CPU.ActiveCfg = Release|Any CPU
		{6E073A6D-A03F-475B-B084-ADE340E5A4BD}.Release|Any CPU.Build.0 = Release|Any CPU
		{74DF2419-1956-482F-B86F-F127E6471D4C}.Debug|Any CPU.ActiveCfg = Debug|Any CPU
		{74DF2419-1956-482F-B86F-F127E6471D4C}.Debug|Any CPU.Build.0 = Debug|Any CPU
		{74DF2419-1956-482F-B86F-F127E6471D4C}.Release|Any CPU.ActiveCfg = Release|Any CPU
		{74DF2419-1956-482F-B86F-F127E6471D4C}.Release|Any CPU.Build.0 = Release|Any CPU
		{A335AD3D-E134-4008-83CE-342D10C8CE56}.Debug|Any CPU.ActiveCfg = Debug|Any CPU
		{A335AD3D-E134-4008-83CE-342D10C8CE56}.Debug|Any CPU.Build.0 = Debug|Any CPU
		{A335AD3D-E134-4008-83CE-342D10C8CE56}.Release|Any CPU.ActiveCfg = Release|Any CPU
		{A335AD3D-E134-4008-83CE-342D10C8CE56}.Release|Any CPU.Build.0 = Release|Any CPU
	EndGlobalSection
	GlobalSection(SolutionProperties) = preSolution
		HideSolutionNode = FALSE
	EndGlobalSection
	GlobalSection(ExtensibilityGlobals) = postSolution
		SolutionGuid = {10AF6B69-1C32-4DC0-B569-1B56A9DB5EBA}
	EndGlobalSection
EndGlobal
